// !$*UTF8*$!
{
	archiveVersion = 1;
	classes = {
	};
	objectVersion = 50;
	objects = {

/* Begin PBXBuildFile section */
		3C7E40EA256486A300219F9A /* AppDelegate.swift in Sources */ = {isa = PBXBuildFile; fileRef = 3C7E40E9256486A300219F9A /* AppDelegate.swift */; };
		3C7E40EC256486A300219F9A /* SceneDelegate.swift in Sources */ = {isa = PBXBuildFile; fileRef = 3C7E40EB256486A300219F9A /* SceneDelegate.swift */; };
		3C7E40EE256486A300219F9A /* ViewController.swift in Sources */ = {isa = PBXBuildFile; fileRef = 3C7E40ED256486A300219F9A /* ViewController.swift */; };
		3C7E40F1256486A300219F9A /* Main.storyboard in Resources */ = {isa = PBXBuildFile; fileRef = 3C7E40EF256486A300219F9A /* Main.storyboard */; };
		3C7E40F3256486A400219F9A /* Assets.xcassets in Resources */ = {isa = PBXBuildFile; fileRef = 3C7E40F2256486A400219F9A /* Assets.xcassets */; };
		3C7E40F6256486A400219F9A /* LaunchScreen.storyboard in Resources */ = {isa = PBXBuildFile; fileRef = 3C7E40F4256486A400219F9A /* LaunchScreen.storyboard */; };
		3C7E4101256486A400219F9A /* SpaceX_API_ExplorerTests.swift in Sources */ = {isa = PBXBuildFile; fileRef = 3C7E4100256486A400219F9A /* SpaceX_API_ExplorerTests.swift */; };
		3C7E410C256486A400219F9A /* SpaceX_API_ExplorerUITests.swift in Sources */ = {isa = PBXBuildFile; fileRef = 3C7E410B256486A400219F9A /* SpaceX_API_ExplorerUITests.swift */; };
/* End PBXBuildFile section */

/* Begin PBXContainerItemProxy section */
		3C7E40FD256486A400219F9A /* PBXContainerItemProxy */ = {
			isa = PBXContainerItemProxy;
			containerPortal = 3C7E40DE256486A300219F9A /* Project object */;
			proxyType = 1;
			remoteGlobalIDString = 3C7E40E5256486A300219F9A;
			remoteInfo = "SpaceX API Explorer";
		};
		3C7E4108256486A400219F9A /* PBXContainerItemProxy */ = {
			isa = PBXContainerItemProxy;
			containerPortal = 3C7E40DE256486A300219F9A /* Project object */;
			proxyType = 1;
			remoteGlobalIDString = 3C7E40E5256486A300219F9A;
			remoteInfo = "SpaceX API Explorer";
		};
/* End PBXContainerItemProxy section */

/* Begin PBXFileReference section */
		3C7E40E6256486A300219F9A /* SpaceX API Explorer.app */ = {isa = PBXFileReference; explicitFileType = wrapper.application; includeInIndex = 0; path = "SpaceX API Explorer.app"; sourceTree = BUILT_PRODUCTS_DIR; };
		3C7E40E9256486A300219F9A /* AppDelegate.swift */ = {isa = PBXFileReference; lastKnownFileType = sourcecode.swift; path = AppDelegate.swift; sourceTree = "<group>"; };
		3C7E40EB256486A300219F9A /* SceneDelegate.swift */ = {isa = PBXFileReference; lastKnownFileType = sourcecode.swift; path = SceneDelegate.swift; sourceTree = "<group>"; };
		3C7E40ED256486A300219F9A /* ViewController.swift */ = {isa = PBXFileReference; lastKnownFileType = sourcecode.swift; path = ViewController.swift; sourceTree = "<group>"; };
		3C7E40F0256486A300219F9A /* Base */ = {isa = PBXFileReference; lastKnownFileType = file.storyboard; name = Base; path = Base.lproj/Main.storyboard; sourceTree = "<group>"; };
		3C7E40F2256486A400219F9A /* Assets.xcassets */ = {isa = PBXFileReference; lastKnownFileType = folder.assetcatalog; path = Assets.xcassets; sourceTree = "<group>"; };
		3C7E40F5256486A400219F9A /* Base */ = {isa = PBXFileReference; lastKnownFileType = file.storyboard; name = Base; path = Base.lproj/LaunchScreen.storyboard; sourceTree = "<group>"; };
		3C7E40F7256486A400219F9A /* Info.plist */ = {isa = PBXFileReference; lastKnownFileType = text.plist.xml; path = Info.plist; sourceTree = "<group>"; };
		3C7E40FC256486A400219F9A /* SpaceX API ExplorerTests.xctest */ = {isa = PBXFileReference; explicitFileType = wrapper.cfbundle; includeInIndex = 0; path = "SpaceX API ExplorerTests.xctest"; sourceTree = BUILT_PRODUCTS_DIR; };
		3C7E4100256486A400219F9A /* SpaceX_API_ExplorerTests.swift */ = {isa = PBXFileReference; lastKnownFileType = sourcecode.swift; path = SpaceX_API_ExplorerTests.swift; sourceTree = "<group>"; };
		3C7E4102256486A400219F9A /* Info.plist */ = {isa = PBXFileReference; lastKnownFileType = text.plist.xml; path = Info.plist; sourceTree = "<group>"; };
		3C7E4107256486A400219F9A /* SpaceX API ExplorerUITests.xctest */ = {isa = PBXFileReference; explicitFileType = wrapper.cfbundle; includeInIndex = 0; path = "SpaceX API ExplorerUITests.xctest"; sourceTree = BUILT_PRODUCTS_DIR; };
		3C7E410B256486A400219F9A /* SpaceX_API_ExplorerUITests.swift */ = {isa = PBXFileReference; lastKnownFileType = sourcecode.swift; path = SpaceX_API_ExplorerUITests.swift; sourceTree = "<group>"; };
		3C7E410D256486A400219F9A /* Info.plist */ = {isa = PBXFileReference; lastKnownFileType = text.plist.xml; path = Info.plist; sourceTree = "<group>"; };
/* End PBXFileReference section */

/* Begin PBXFrameworksBuildPhase section */
		3C7E40E3256486A300219F9A /* Frameworks */ = {
			isa = PBXFrameworksBuildPhase;
			buildActionMask = 2147483647;
			files = (
			);
			runOnlyForDeploymentPostprocessing = 0;
		};
		3C7E40F9256486A400219F9A /* Frameworks */ = {
			isa = PBXFrameworksBuildPhase;
			buildActionMask = 2147483647;
			files = (
			);
			runOnlyForDeploymentPostprocessing = 0;
		};
		3C7E4104256486A400219F9A /* Frameworks */ = {
			isa = PBXFrameworksBuildPhase;
			buildActionMask = 2147483647;
			files = (
			);
			runOnlyForDeploymentPostprocessing = 0;
		};
/* End PBXFrameworksBuildPhase section */

/* Begin PBXGroup section */
		3C7E40DD256486A300219F9A = {
			isa = PBXGroup;
			children = (
				3C7E40E8256486A300219F9A /* SpaceX API Explorer */,
				3C7E40FF256486A400219F9A /* SpaceX API ExplorerTests */,
				3C7E410A256486A400219F9A /* SpaceX API ExplorerUITests */,
				3C7E40E7256486A300219F9A /* Products */,
			);
			sourceTree = "<group>";
		};
		3C7E40E7256486A300219F9A /* Products */ = {
			isa = PBXGroup;
			children = (
				3C7E40E6256486A300219F9A /* SpaceX API Explorer.app */,
				3C7E40FC256486A400219F9A /* SpaceX API ExplorerTests.xctest */,
				3C7E4107256486A400219F9A /* SpaceX API ExplorerUITests.xctest */,
			);
			name = Products;
			sourceTree = "<group>";
		};
		3C7E40E8256486A300219F9A /* SpaceX API Explorer */ = {
			isa = PBXGroup;
			children = (
				3C7E40E9256486A300219F9A /* AppDelegate.swift */,
				3C7E40EB256486A300219F9A /* SceneDelegate.swift */,
				3C7E40ED256486A300219F9A /* ViewController.swift */,
				3C7E40EF256486A300219F9A /* Main.storyboard */,
				3C7E40F2256486A400219F9A /* Assets.xcassets */,
				3C7E40F4256486A400219F9A /* LaunchScreen.storyboard */,
				3C7E40F7256486A400219F9A /* Info.plist */,
			);
			path = "SpaceX API Explorer";
			sourceTree = "<group>";
		};
		3C7E40FF256486A400219F9A /* SpaceX API ExplorerTests */ = {
			isa = PBXGroup;
			children = (
				3C7E4100256486A400219F9A /* SpaceX_API_ExplorerTests.swift */,
				3C7E4102256486A400219F9A /* Info.plist */,
			);
			path = "SpaceX API ExplorerTests";
			sourceTree = "<group>";
		};
		3C7E410A256486A400219F9A /* SpaceX API ExplorerUITests */ = {
			isa = PBXGroup;
			children = (
				3C7E410B256486A400219F9A /* SpaceX_API_ExplorerUITests.swift */,
				3C7E410D256486A400219F9A /* Info.plist */,
			);
			path = "SpaceX API ExplorerUITests";
			sourceTree = "<group>";
		};
/* End PBXGroup section */

/* Begin PBXNativeTarget section */
		3C7E40E5256486A300219F9A /* SpaceX API Explorer */ = {
			isa = PBXNativeTarget;
			buildConfigurationList = 3C7E4110256486A400219F9A /* Build configuration list for PBXNativeTarget "SpaceX API Explorer" */;
			buildPhases = (
				3C7E40E2256486A300219F9A /* Sources */,
				3C7E40E3256486A300219F9A /* Frameworks */,
				3C7E40E4256486A300219F9A /* Resources */,
			);
			buildRules = (
			);
			dependencies = (
			);
			name = "SpaceX API Explorer";
			productName = "SpaceX API Explorer";
			productReference = 3C7E40E6256486A300219F9A /* SpaceX API Explorer.app */;
			productType = "com.apple.product-type.application";
		};
		3C7E40FB256486A400219F9A /* SpaceX API ExplorerTests */ = {
			isa = PBXNativeTarget;
			buildConfigurationList = 3C7E4113256486A400219F9A /* Build configuration list for PBXNativeTarget "SpaceX API ExplorerTests" */;
			buildPhases = (
				3C7E40F8256486A400219F9A /* Sources */,
				3C7E40F9256486A400219F9A /* Frameworks */,
				3C7E40FA256486A400219F9A /* Resources */,
			);
			buildRules = (
			);
			dependencies = (
				3C7E40FE256486A400219F9A /* PBXTargetDependency */,
			);
			name = "SpaceX API ExplorerTests";
			productName = "SpaceX API ExplorerTests";
			productReference = 3C7E40FC256486A400219F9A /* SpaceX API ExplorerTests.xctest */;
			productType = "com.apple.product-type.bundle.unit-test";
		};
		3C7E4106256486A400219F9A /* SpaceX API ExplorerUITests */ = {
			isa = PBXNativeTarget;
			buildConfigurationList = 3C7E4116256486A400219F9A /* Build configuration list for PBXNativeTarget "SpaceX API ExplorerUITests" */;
			buildPhases = (
				3C7E4103256486A400219F9A /* Sources */,
				3C7E4104256486A400219F9A /* Frameworks */,
				3C7E4105256486A400219F9A /* Resources */,
			);
			buildRules = (
			);
			dependencies = (
				3C7E4109256486A400219F9A /* PBXTargetDependency */,
			);
			name = "SpaceX API ExplorerUITests";
			productName = "SpaceX API ExplorerUITests";
			productReference = 3C7E4107256486A400219F9A /* SpaceX API ExplorerUITests.xctest */;
			productType = "com.apple.product-type.bundle.ui-testing";
		};
/* End PBXNativeTarget section */

/* Begin PBXProject section */
		3C7E40DE256486A300219F9A /* Project object */ = {
			isa = PBXProject;
			attributes = {
				LastSwiftUpdateCheck = 1220;
				LastUpgradeCheck = 1220;
				TargetAttributes = {
					3C7E40E5256486A300219F9A = {
						CreatedOnToolsVersion = 12.2;
					};
					3C7E40FB256486A400219F9A = {
						CreatedOnToolsVersion = 12.2;
						TestTargetID = 3C7E40E5256486A300219F9A;
					};
					3C7E4106256486A400219F9A = {
						CreatedOnToolsVersion = 12.2;
						TestTargetID = 3C7E40E5256486A300219F9A;
					};
				};
			};
			buildConfigurationList = 3C7E40E1256486A300219F9A /* Build configuration list for PBXProject "SpaceX API Explorer" */;
			compatibilityVersion = "Xcode 9.3";
			developmentRegion = en;
			hasScannedForEncodings = 0;
			knownRegions = (
				en,
				Base,
			);
			mainGroup = 3C7E40DD256486A300219F9A;
			productRefGroup = 3C7E40E7256486A300219F9A /* Products */;
			projectDirPath = "";
			projectRoot = "";
			targets = (
				3C7E40E5256486A300219F9A /* SpaceX API Explorer */,
				3C7E40FB256486A400219F9A /* SpaceX API ExplorerTests */,
				3C7E4106256486A400219F9A /* SpaceX API ExplorerUITests */,
			);
		};
/* End PBXProject section */

/* Begin PBXResourcesBuildPhase section */
		3C7E40E4256486A300219F9A /* Resources */ = {
			isa = PBXResourcesBuildPhase;
			buildActionMask = 2147483647;
			files = (
				3C7E40F6256486A400219F9A /* LaunchScreen.storyboard in Resources */,
				3C7E40F3256486A400219F9A /* Assets.xcassets in Resources */,
				3C7E40F1256486A300219F9A /* Main.storyboard in Resources */,
			);
			runOnlyForDeploymentPostprocessing = 0;
		};
		3C7E40FA256486A400219F9A /* Resources */ = {
			isa = PBXResourcesBuildPhase;
			buildActionMask = 2147483647;
			files = (
			);
			runOnlyForDeploymentPostprocessing = 0;
		};
		3C7E4105256486A400219F9A /* Resources */ = {
			isa = PBXResourcesBuildPhase;
			buildActionMask = 2147483647;
			files = (
			);
			runOnlyForDeploymentPostprocessing = 0;
		};
/* End PBXResourcesBuildPhase section */

/* Begin PBXSourcesBuildPhase section */
		3C7E40E2256486A300219F9A /* Sources */ = {
			isa = PBXSourcesBuildPhase;
			buildActionMask = 2147483647;
			files = (
				3C7E40EE256486A300219F9A /* ViewController.swift in Sources */,
				3C7E40EA256486A300219F9A /* AppDelegate.swift in Sources */,
				3C7E40EC256486A300219F9A /* SceneDelegate.swift in Sources */,
			);
			runOnlyForDeploymentPostprocessing = 0;
		};
		3C7E40F8256486A400219F9A /* Sources */ = {
			isa = PBXSourcesBuildPhase;
			buildActionMask = 2147483647;
			files = (
				3C7E4101256486A400219F9A /* SpaceX_API_ExplorerTests.swift in Sources */,
			);
			runOnlyForDeploymentPostprocessing = 0;
		};
		3C7E4103256486A400219F9A /* Sources */ = {
			isa = PBXSourcesBuildPhase;
			buildActionMask = 2147483647;
			files = (
				3C7E410C256486A400219F9A /* SpaceX_API_ExplorerUITests.swift in Sources */,
			);
			runOnlyForDeploymentPostprocessing = 0;
		};
/* End PBXSourcesBuildPhase section */

/* Begin PBXTargetDependency section */
		3C7E40FE256486A400219F9A /* PBXTargetDependency */ = {
			isa = PBXTargetDependency;
			target = 3C7E40E5256486A300219F9A /* SpaceX API Explorer */;
			targetProxy = 3C7E40FD256486A400219F9A /* PBXContainerItemProxy */;
		};
		3C7E4109256486A400219F9A /* PBXTargetDependency */ = {
			isa = PBXTargetDependency;
			target = 3C7E40E5256486A300219F9A /* SpaceX API Explorer */;
			targetProxy = 3C7E4108256486A400219F9A /* PBXContainerItemProxy */;
		};
/* End PBXTargetDependency section */

/* Begin PBXVariantGroup section */
		3C7E40EF256486A300219F9A /* Main.storyboard */ = {
			isa = PBXVariantGroup;
			children = (
				3C7E40F0256486A300219F9A /* Base */,
			);
			name = Main.storyboard;
			sourceTree = "<group>";
		};
		3C7E40F4256486A400219F9A /* LaunchScreen.storyboard */ = {
			isa = PBXVariantGroup;
			children = (
				3C7E40F5256486A400219F9A /* Base */,
			);
			name = LaunchScreen.storyboard;
			sourceTree = "<group>";
		};
/* End PBXVariantGroup section */

/* Begin XCBuildConfiguration section */
		3C7E410E256486A400219F9A /* Debug */ = {
			isa = XCBuildConfiguration;
			buildSettings = {
				ALWAYS_SEARCH_USER_PATHS = NO;
				CLANG_ANALYZER_NONNULL = YES;
				CLANG_ANALYZER_NUMBER_OBJECT_CONVERSION = YES_AGGRESSIVE;
				CLANG_CXX_LANGUAGE_STANDARD = "gnu++14";
				CLANG_CXX_LIBRARY = "libc++";
				CLANG_ENABLE_MODULES = YES;
				CLANG_ENABLE_OBJC_ARC = YES;
				CLANG_ENABLE_OBJC_WEAK = YES;
				CLANG_WARN_BLOCK_CAPTURE_AUTORELEASING = YES;
				CLANG_WARN_BOOL_CONVERSION = YES;
				CLANG_WARN_COMMA = YES;
				CLANG_WARN_CONSTANT_CONVERSION = YES;
				CLANG_WARN_DEPRECATED_OBJC_IMPLEMENTATIONS = YES;
				CLANG_WARN_DIRECT_OBJC_ISA_USAGE = YES_ERROR;
				CLANG_WARN_DOCUMENTATION_COMMENTS = YES;
				CLANG_WARN_EMPTY_BODY = YES;
				CLANG_WARN_ENUM_CONVERSION = YES;
				CLANG_WARN_INFINITE_RECURSION = YES;
				CLANG_WARN_INT_CONVERSION = YES;
				CLANG_WARN_NON_LITERAL_NULL_CONVERSION = YES;
				CLANG_WARN_OBJC_IMPLICIT_RETAIN_SELF = YES;
				CLANG_WARN_OBJC_LITERAL_CONVERSION = YES;
				CLANG_WARN_OBJC_ROOT_CLASS = YES_ERROR;
				CLANG_WARN_QUOTED_INCLUDE_IN_FRAMEWORK_HEADER = YES;
				CLANG_WARN_RANGE_LOOP_ANALYSIS = YES;
				CLANG_WARN_STRICT_PROTOTYPES = YES;
				CLANG_WARN_SUSPICIOUS_MOVE = YES;
				CLANG_WARN_UNGUARDED_AVAILABILITY = YES_AGGRESSIVE;
				CLANG_WARN_UNREACHABLE_CODE = YES;
				CLANG_WARN__DUPLICATE_METHOD_MATCH = YES;
				COPY_PHASE_STRIP = NO;
				DEBUG_INFORMATION_FORMAT = dwarf;
				ENABLE_STRICT_OBJC_MSGSEND = YES;
				ENABLE_TESTABILITY = YES;
				GCC_C_LANGUAGE_STANDARD = gnu11;
				GCC_DYNAMIC_NO_PIC = NO;
				GCC_NO_COMMON_BLOCKS = YES;
				GCC_OPTIMIZATION_LEVEL = 0;
				GCC_PREPROCESSOR_DEFINITIONS = (
					"DEBUG=1",
					"$(inherited)",
				);
				GCC_WARN_64_TO_32_BIT_CONVERSION = YES;
				GCC_WARN_ABOUT_RETURN_TYPE = YES_ERROR;
				GCC_WARN_UNDECLARED_SELECTOR = YES;
				GCC_WARN_UNINITIALIZED_AUTOS = YES_AGGRESSIVE;
				GCC_WARN_UNUSED_FUNCTION = YES;
				GCC_WARN_UNUSED_VARIABLE = YES;
				IPHONEOS_DEPLOYMENT_TARGET = 14.2;
				MTL_ENABLE_DEBUG_INFO = INCLUDE_SOURCE;
				MTL_FAST_MATH = YES;
				ONLY_ACTIVE_ARCH = YES;
				SDKROOT = iphoneos;
				SWIFT_ACTIVE_COMPILATION_CONDITIONS = DEBUG;
				SWIFT_OPTIMIZATION_LEVEL = "-Onone";
			};
			name = Debug;
		};
		3C7E410F256486A400219F9A /* Release */ = {
			isa = XCBuildConfiguration;
			buildSettings = {
				ALWAYS_SEARCH_USER_PATHS = NO;
				CLANG_ANALYZER_NONNULL = YES;
				CLANG_ANALYZER_NUMBER_OBJECT_CONVERSION = YES_AGGRESSIVE;
				CLANG_CXX_LANGUAGE_STANDARD = "gnu++14";
				CLANG_CXX_LIBRARY = "libc++";
				CLANG_ENABLE_MODULES = YES;
				CLANG_ENABLE_OBJC_ARC = YES;
				CLANG_ENABLE_OBJC_WEAK = YES;
				CLANG_WARN_BLOCK_CAPTURE_AUTORELEASING = YES;
				CLANG_WARN_BOOL_CONVERSION = YES;
				CLANG_WARN_COMMA = YES;
				CLANG_WARN_CONSTANT_CONVERSION = YES;
				CLANG_WARN_DEPRECATED_OBJC_IMPLEMENTATIONS = YES;
				CLANG_WARN_DIRECT_OBJC_ISA_USAGE = YES_ERROR;
				CLANG_WARN_DOCUMENTATION_COMMENTS = YES;
				CLANG_WARN_EMPTY_BODY = YES;
				CLANG_WARN_ENUM_CONVERSION = YES;
				CLANG_WARN_INFINITE_RECURSION = YES;
				CLANG_WARN_INT_CONVERSION = YES;
				CLANG_WARN_NON_LITERAL_NULL_CONVERSION = YES;
				CLANG_WARN_OBJC_IMPLICIT_RETAIN_SELF = YES;
				CLANG_WARN_OBJC_LITERAL_CONVERSION = YES;
				CLANG_WARN_OBJC_ROOT_CLASS = YES_ERROR;
				CLANG_WARN_QUOTED_INCLUDE_IN_FRAMEWORK_HEADER = YES;
				CLANG_WARN_RANGE_LOOP_ANALYSIS = YES;
				CLANG_WARN_STRICT_PROTOTYPES = YES;
				CLANG_WARN_SUSPICIOUS_MOVE = YES;
				CLANG_WARN_UNGUARDED_AVAILABILITY = YES_AGGRESSIVE;
				CLANG_WARN_UNREACHABLE_CODE = YES;
				CLANG_WARN__DUPLICATE_METHOD_MATCH = YES;
				COPY_PHASE_STRIP = NO;
				DEBUG_INFORMATION_FORMAT = "dwarf-with-dsym";
				ENABLE_NS_ASSERTIONS = NO;
				ENABLE_STRICT_OBJC_MSGSEND = YES;
				GCC_C_LANGUAGE_STANDARD = gnu11;
				GCC_NO_COMMON_BLOCKS = YES;
				GCC_WARN_64_TO_32_BIT_CONVERSION = YES;
				GCC_WARN_ABOUT_RETURN_TYPE = YES_ERROR;
				GCC_WARN_UNDECLARED_SELECTOR = YES;
				GCC_WARN_UNINITIALIZED_AUTOS = YES_AGGRESSIVE;
				GCC_WARN_UNUSED_FUNCTION = YES;
				GCC_WARN_UNUSED_VARIABLE = YES;
				IPHONEOS_DEPLOYMENT_TARGET = 14.2;
				MTL_ENABLE_DEBUG_INFO = NO;
				MTL_FAST_MATH = YES;
				SDKROOT = iphoneos;
				SWIFT_COMPILATION_MODE = wholemodule;
				SWIFT_OPTIMIZATION_LEVEL = "-O";
				VALIDATE_PRODUCT = YES;
			};
			name = Release;
		};
		3C7E4111256486A400219F9A /* Debug */ = {
			isa = XCBuildConfiguration;
			buildSettings = {
				ASSETCATALOG_COMPILER_APPICON_NAME = AppIcon;
				ASSETCATALOG_COMPILER_GLOBAL_ACCENT_COLOR_NAME = AccentColor;
				CODE_SIGN_STYLE = Automatic;
				DEVELOPMENT_TEAM = 9FE2ZR62M8;
				INFOPLIST_FILE = "SpaceX API Explorer/Info.plist";
				LD_RUNPATH_SEARCH_PATHS = (
					"$(inherited)",
					"@executable_path/Frameworks",
				);
				PRODUCT_BUNDLE_IDENTIFIER = "com.aridov.spacex.SpaceX-API-Explorer";
				PRODUCT_NAME = "$(TARGET_NAME)";
				SWIFT_VERSION = 5.0;
				TARGETED_DEVICE_FAMILY = "1,2";
			};
			name = Debug;
		};
		3C7E4112256486A400219F9A /* Release */ = {
			isa = XCBuildConfiguration;
			buildSettings = {
				ASSETCATALOG_COMPILER_APPICON_NAME = AppIcon;
				ASSETCATALOG_COMPILER_GLOBAL_ACCENT_COLOR_NAME = AccentColor;
				CODE_SIGN_STYLE = Automatic;
				DEVELOPMENT_TEAM = 9FE2ZR62M8;
				INFOPLIST_FILE = "SpaceX API Explorer/Info.plist";
				LD_RUNPATH_SEARCH_PATHS = (
					"$(inherited)",
					"@executable_path/Frameworks",
				);
				PRODUCT_BUNDLE_IDENTIFIER = "com.aridov.spacex.SpaceX-API-Explorer";
				PRODUCT_NAME = "$(TARGET_NAME)";
				SWIFT_VERSION = 5.0;
				TARGETED_DEVICE_FAMILY = "1,2";
			};
			name = Release;
		};
		3C7E4114256486A400219F9A /* Debug */ = {
			isa = XCBuildConfiguration;
			buildSettings = {
				ALWAYS_EMBED_SWIFT_STANDARD_LIBRARIES = YES;
				BUNDLE_LOADER = "$(TEST_HOST)";
				CODE_SIGN_STYLE = Automatic;
				DEVELOPMENT_TEAM = 9FE2ZR62M8;
				INFOPLIST_FILE = "SpaceX API ExplorerTests/Info.plist";
				IPHONEOS_DEPLOYMENT_TARGET = 14.2;
				LD_RUNPATH_SEARCH_PATHS = (
					"$(inherited)",
					"@executable_path/Frameworks",
					"@loader_path/Frameworks",
				);
				PRODUCT_BUNDLE_IDENTIFIER = "com.aridov.spacex.SpaceX-API-ExplorerTests";
				PRODUCT_NAME = "$(TARGET_NAME)";
				SWIFT_VERSION = 5.0;
				TARGETED_DEVICE_FAMILY = "1,2";
				TEST_HOST = "$(BUILT_PRODUCTS_DIR)/SpaceX API Explorer.app/SpaceX API Explorer";
			};
			name = Debug;
		};
		3C7E4115256486A400219F9A /* Release */ = {
			isa = XCBuildConfiguration;
			buildSettings = {
				ALWAYS_EMBED_SWIFT_STANDARD_LIBRARIES = YES;
				BUNDLE_LOADER = "$(TEST_HOST)";
				CODE_SIGN_STYLE = Automatic;
				DEVELOPMENT_TEAM = 9FE2ZR62M8;
				INFOPLIST_FILE = "SpaceX API ExplorerTests/Info.plist";
				IPHONEOS_DEPLOYMENT_TARGET = 14.2;
				LD_RUNPATH_SEARCH_PATHS = (
					"$(inherited)",
					"@executable_path/Frameworks",
					"@loader_path/Frameworks",
				);
				PRODUCT_BUNDLE_IDENTIFIER = "com.aridov.spacex.SpaceX-API-ExplorerTests";
				PRODUCT_NAME = "$(TARGET_NAME)";
				SWIFT_VERSION = 5.0;
				TARGETED_DEVICE_FAMILY = "1,2";
				TEST_HOST = "$(BUILT_PRODUCTS_DIR)/SpaceX API Explorer.app/SpaceX API Explorer";
			};
			name = Release;
		};
		3C7E4117256486A400219F9A /* Debug */ = {
			isa = XCBuildConfiguration;
			buildSettings = {
				ALWAYS_EMBED_SWIFT_STANDARD_LIBRARIES = YES;
				CODE_SIGN_STYLE = Automatic;
				DEVELOPMENT_TEAM = 9FE2ZR62M8;
				INFOPLIST_FILE = "SpaceX API ExplorerUITests/Info.plist";
				LD_RUNPATH_SEARCH_PATHS = (
					"$(inherited)",
					"@executable_path/Frameworks",
					"@loader_path/Frameworks",
				);
				PRODUCT_BUNDLE_IDENTIFIER = "com.aridov.spacex.SpaceX-API-ExplorerUITests";
				PRODUCT_NAME = "$(TARGET_NAME)";
				SWIFT_VERSION = 5.0;
				TARGETED_DEVICE_FAMILY = "1,2";
				TEST_TARGET_NAME = "SpaceX API Explorer";
			};
			name = Debug;
		};
		3C7E4118256486A400219F9A /* Release */ = {
			isa = XCBuildConfiguration;
			buildSettings = {
				ALWAYS_EMBED_SWIFT_STANDARD_LIBRARIES = YES;
				CODE_SIGN_STYLE = Automatic;
				DEVELOPMENT_TEAM = 9FE2ZR62M8;
				INFOPLIST_FILE = "SpaceX API ExplorerUITests/Info.plist";
				LD_RUNPATH_SEARCH_PATHS = (
					"$(inherited)",
					"@executable_path/Frameworks",
					"@loader_path/Frameworks",
				);
				PRODUCT_BUNDLE_IDENTIFIER = "com.aridov.spacex.SpaceX-API-ExplorerUITests";
				PRODUCT_NAME = "$(TARGET_NAME)";
				SWIFT_VERSION = 5.0;
				TARGETED_DEVICE_FAMILY = "1,2";
				TEST_TARGET_NAME = "SpaceX API Explorer";
			};
			name = Release;
		};
/* End XCBuildConfiguration section */

/* Begin XCConfigurationList section */
		3C7E40E1256486A300219F9A /* Build configuration list for PBXProject "SpaceX API Explorer" */ = {
			isa = XCConfigurationList;
			buildConfigurations = (
				3C7E410E256486A400219F9A /* Debug */,
				3C7E410F256486A400219F9A /* Release */,
			);
			defaultConfigurationIsVisible = 0;
			defaultConfigurationName = Release;
		};
		3C7E4110256486A400219F9A /* Build configuration list for PBXNativeTarget "SpaceX API Explorer" */ = {
			isa = XCConfigurationList;
			buildConfigurations = (
				3C7E4111256486A400219F9A /* Debug */,
				3C7E4112256486A400219F9A /* Release */,
			);
			defaultConfigurationIsVisible = 0;
			defaultConfigurationName = Release;
		};
		3C7E4113256486A400219F9A /* Build configuration list for PBXNativeTarget "SpaceX API ExplorerTests" */ = {
			isa = XCConfigurationList;
			buildConfigurations = (
				3C7E4114256486A400219F9A /* Debug */,
				3C7E4115256486A400219F9A /* Release */,
			);
			defaultConfigurationIsVisible = 0;
			defaultConfigurationName = Release;
		};
		3C7E4116256486A400219F9A /* Build configuration list for PBXNativeTarget "SpaceX API ExplorerUITests" */ = {
			isa = XCConfigurationList;
			buildConfigurations = (
				3C7E4117256486A400219F9A /* Debug */,
				3C7E4118256486A400219F9A /* Release */,
			);
			defaultConfigurationIsVisible = 0;
			defaultConfigurationName = Release;
		};
/* End XCConfigurationList section */
	};
	rootObject = 3C7E40DE256486A300219F9A /* Project object */;
}
